
Microsoft Visual Studio Solution File, Format Version 12.00
# Visual Studio Version 17
VisualStudioVersion = 17.2.32519.379
MinimumVisualStudioVersion = 10.0.40219.1
Project("{2150E333-8FDC-42A3-9474-1A3956D46DE8}") = "Services", "Services", "{9A386314-C50F-4918-966D-9C5431CF6A8F}"
EndProject
Project("{2150E333-8FDC-42A3-9474-1A3956D46DE8}") = "Catalog", "Catalog", "{9C15B78E-E3F3-4F53-B660-A836C18A7024}"
EndProject
Project("{9A19103F-16F7-4668-BE54-9A1E7A4F7556}") = "CourseApp.Services.CatalogAPI", "Course.Services.CatalogAPI\CourseApp.Services.CatalogAPI.csproj", "{AF89A9EE-D3B2-4CD5-9689-D8890C2E2575}"
EndProject
Project("{2150E333-8FDC-42A3-9474-1A3956D46DE8}") = "Solution Items", "Solution Items", "{E6F9ED3F-24D8-41D7-A809-621894C905AC}"
	ProjectSection(SolutionItems) = preProject
		Ports.txt = Ports.txt
	EndProjectSection
EndProject
Project("{2150E333-8FDC-42A3-9474-1A3956D46DE8}") = "Shared", "Shared", "{AFE53537-F3E3-4695-93AC-DD4D7CCD03C8}"
EndProject
Project("{9A19103F-16F7-4668-BE54-9A1E7A4F7556}") = "CourseApp.Shared", "Shared\Course.Shared\CourseApp.Shared.csproj", "{6EE8B520-F7B9-4C4E-AA66-20670C2E4627}"
EndProject
Global
	GlobalSection(SolutionConfigurationPlatforms) = preSolution
		Debug|Any CPU = Debug|Any CPU
		Release|Any CPU = Release|Any CPU
	EndGlobalSection
	GlobalSection(ProjectConfigurationPlatforms) = postSolution
		{AF89A9EE-D3B2-4CD5-9689-D8890C2E2575}.Debug|Any CPU.ActiveCfg = Debug|Any CPU
		{AF89A9EE-D3B2-4CD5-9689-D8890C2E2575}.Debug|Any CPU.Build.0 = Debug|Any CPU
		{AF89A9EE-D3B2-4CD5-9689-D8890C2E2575}.Release|Any CPU.ActiveCfg = Release|Any CPU
		{AF89A9EE-D3B2-4CD5-9689-D8890C2E2575}.Release|Any CPU.Build.0 = Release|Any CPU
		{6EE8B520-F7B9-4C4E-AA66-20670C2E4627}.Debug|Any CPU.ActiveCfg = Debug|Any CPU
		{6EE8B520-F7B9-4C4E-AA66-20670C2E4627}.Debug|Any CPU.Build.0 = Debug|Any CPU
		{6EE8B520-F7B9-4C4E-AA66-20670C2E4627}.Release|Any CPU.ActiveCfg = Release|Any CPU
		{6EE8B520-F7B9-4C4E-AA66-20670C2E4627}.Release|Any CPU.Build.0 = Release|Any CPU
	EndGlobalSection
	GlobalSection(SolutionProperties) = preSolution
		HideSolutionNode = FALSE
	EndGlobalSection
	GlobalSection(NestedProjects) = preSolution
		{9C15B78E-E3F3-4F53-B660-A836C18A7024} = {9A386314-C50F-4918-966D-9C5431CF6A8F}
		{AF89A9EE-D3B2-4CD5-9689-D8890C2E2575} = {9C15B78E-E3F3-4F53-B660-A836C18A7024}
		{6EE8B520-F7B9-4C4E-AA66-20670C2E4627} = {AFE53537-F3E3-4695-93AC-DD4D7CCD03C8}
	EndGlobalSection
	GlobalSection(ExtensibilityGlobals) = postSolution
		SolutionGuid = {D45AA87C-DEB1-412A-B81B-894C60FC2F26}
	EndGlobalSection
EndGlobal
